<?xml version="1.0" encoding="utf-8"?>
<Project ToolsVersion="4.0" xmlns="http://schemas.microsoft.com/developer/msbuild/2003">
  <ItemGroup>
    <Filter Include="소스 파일">
      <UniqueIdentifier>{4FC737F1-C7A5-4376-A066-2A32D752A2FF}</UniqueIdentifier>
      <Extensions>cpp;c;cc;cxx;def;odl;idl;hpj;bat;asm;asmx</Extensions>
    </Filter>
    <Filter Include="헤더 파일">
      <UniqueIdentifier>{93995380-89BD-4b04-88EB-625FBE52EBFB}</UniqueIdentifier>
      <Extensions>h;hh;hpp;hxx;hm;inl;inc;xsd</Extensions>
    </Filter>
    <Filter Include="리소스 파일">
      <UniqueIdentifier>{67DA6AB6-F800-4c08-8B7A-83BB121AAD01}</UniqueIdentifier>
      <Extensions>rc;ico;cur;bmp;dlg;rc2;rct;bin;rgs;gif;jpg;jpeg;jpe;resx;tiff;tif;png;wav;mfcribbon-ms</Extensions>
    </Filter>
    <Filter Include="헤더 파일\Util">
      <UniqueIdentifier>{049b54cf-a089-4667-bbe0-e2fac2847117}</UniqueIdentifier>
    </Filter>
    <Filter Include="소스 파일\Util">
      <UniqueIdentifier>{8f234c50-0938-4842-bb0f-0075cf55e028}</UniqueIdentifier>
    </Filter>
    <Filter Include="소스 파일\DisplayObject">
      <UniqueIdentifier>{5fc6f04e-11d6-4db0-9470-72941c38d9ee}</UniqueIdentifier>
    </Filter>
    <Filter Include="헤더 파일\DisplayObject">
      <UniqueIdentifier>{c081c50b-49a4-4860-be64-265cdb499442}</UniqueIdentifier>
    </Filter>
    <Filter Include="GLFW">
      <UniqueIdentifier>{47164466-4e02-4c14-9aff-39c1dd49c771}</UniqueIdentifier>
    </Filter>
    <Filter Include="lodepng">
      <UniqueIdentifier>{f6d1e1a3-d471-4381-94e7-a8045cadff76}</UniqueIdentifier>
    </Filter>
    <Filter Include="Calculator">
      <UniqueIdentifier>{fe63b0a3-70fa-409c-998a-493eec0d91aa}</UniqueIdentifier>
    </Filter>
  </ItemGroup>
  <ItemGroup>
    <ClCompile Include="..\GameEngine\DisplayObject\THFrame.cpp">
      <Filter>소스 파일</Filter>
    </ClCompile>
    <ClCompile Include="..\GameEngine\Rendering\THDrawing.cpp">
      <Filter>소스 파일</Filter>
    </ClCompile>
    <ClCompile Include="..\Callback.cpp">
      <Filter>소스 파일</Filter>
    </ClCompile>
    <ClCompile Include="..\GameEngine\Util\THMath.cpp">
      <Filter>소스 파일\Util</Filter>
    </ClCompile>
    <ClCompile Include="..\Includes\lodepng.cpp">
      <Filter>lodepng</Filter>
    </ClCompile>
    <ClCompile Include="..\GameEngine\THApplication.cpp">
      <Filter>소스 파일</Filter>
    </ClCompile>
    <ClCompile Include="..\GameEngine\THPlatformAndroid.cpp">
      <Filter>소스 파일</Filter>
    </ClCompile>
    <ClCompile Include="..\GameEngine\THPlatformWindows.cpp">
      <Filter>소스 파일</Filter>
    </ClCompile>
    <ClCompile Include="..\GameEngine\DisplayObject\THDisplayObject.cpp">
      <Filter>소스 파일\DisplayObject</Filter>
    </ClCompile>
    <ClCompile Include="..\GameEngine\DisplayObject\THChar.cpp">
      <Filter>소스 파일\DisplayObject</Filter>
    </ClCompile>
    <ClCompile Include="..\GameEngine\THEGLWrapper.cpp">
      <Filter>소스 파일</Filter>
    </ClCompile>
    <ClCompile Include="..\Includes\GLFW\src\context.c">
      <Filter>GLFW</Filter>
    </ClCompile>
    <ClCompile Include="..\Includes\GLFW\src\init.c">
      <Filter>GLFW</Filter>
    </ClCompile>
    <ClCompile Include="..\Includes\GLFW\src\input.c">
      <Filter>GLFW</Filter>
    </ClCompile>
    <ClCompile Include="..\Includes\GLFW\src\monitor.c">
      <Filter>GLFW</Filter>
    </ClCompile>
    <ClCompile Include="..\Includes\GLFW\src\wgl_context.c">
      <Filter>GLFW</Filter>
    </ClCompile>
    <ClCompile Include="..\Includes\GLFW\src\win32_init.c">
      <Filter>GLFW</Filter>
    </ClCompile>
    <ClCompile Include="..\Includes\GLFW\src\win32_monitor.c">
      <Filter>GLFW</Filter>
    </ClCompile>
    <ClCompile Include="..\Includes\GLFW\src\win32_time.c">
      <Filter>GLFW</Filter>
    </ClCompile>
    <ClCompile Include="..\Includes\GLFW\src\win32_tls.c">
      <Filter>GLFW</Filter>
    </ClCompile>
    <ClCompile Include="..\Includes\GLFW\src\win32_window.c">
      <Filter>GLFW</Filter>
    </ClCompile>
    <ClCompile Include="..\Includes\GLFW\src\window.c">
      <Filter>GLFW</Filter>
    </ClCompile>
    <ClCompile Include="..\Includes\GLFW\src\winmm_joystick.c">
      <Filter>GLFW</Filter>
    </ClCompile>
    <ClCompile Include="..\GameEngine\Rendering\THBuffer.cpp">
      <Filter>소스 파일</Filter>
    </ClCompile>
    <ClCompile Include="..\GameEngine\Util\THUtils.cpp">
      <Filter>소스 파일\Util</Filter>
    </ClCompile>
    <ClCompile Include="..\GameEngine\Util\THTween.cpp">
      <Filter>소스 파일\Util</Filter>
    </ClCompile>
    <ClCompile Include="..\Calculator\CalculatorManager.cpp">
      <Filter>Calculator</Filter>
    </ClCompile>
    <ClCompile Include="..\Calculator\FunctionForm.cpp">
      <Filter>Calculator</Filter>
    </ClCompile>
  </ItemGroup>
  <ItemGroup>
    <ClInclude Include="..\GameEngine\DisplayObject\THFrame.h">
      <Filter>헤더 파일</Filter>
    </ClInclude>
    <ClInclude Include="..\GameEngine\Rendering\THDrawing.h">
      <Filter>헤더 파일</Filter>
    </ClInclude>
    <ClInclude Include="..\THPrivate.h">
      <Filter>헤더 파일</Filter>
    </ClInclude>
    <ClInclude Include="..\GameEngine\Util\THArray.h">
      <Filter>헤더 파일\Util</Filter>
    </ClInclude>
    <ClInclude Include="..\GameEngine\Util\THMath.h">
      <Filter>헤더 파일\Util</Filter>
    </ClInclude>
    <ClInclude Include="..\GameEngine\Util\THMath3D.h">
      <Filter>헤더 파일\Util</Filter>
    </ClInclude>
    <ClInclude Include="..\GameEngine\Util\THTween.h">
      <Filter>헤더 파일\Util</Filter>
    </ClInclude>
    <ClInclude Include="..\THSettings.h">
      <Filter>헤더 파일</Filter>
    </ClInclude>
    <ClInclude Include="..\GameEngine\THApplication.h">
      <Filter>헤더 파일</Filter>
    </ClInclude>
    <ClInclude Include="..\GameEngine\DisplayObject\THChar.h">
      <Filter>헤더 파일\DisplayObject</Filter>
    </ClInclude>
    <ClInclude Include="..\GameEngine\DisplayObject\THDisplayObject.h">
      <Filter>헤더 파일\DisplayObject</Filter>
    </ClInclude>
    <ClInclude Include="..\GameEngine\THEGLWrapper.h">
      <Filter>헤더 파일</Filter>
    </ClInclude>
    <ClInclude Include="..\Includes\GLFW\glfw3.h">
      <Filter>GLFW</Filter>
    </ClInclude>
    <ClInclude Include="..\Includes\GLFW\glfw3native.h">
      <Filter>GLFW</Filter>
    </ClInclude>
    <ClInclude Include="..\Includes\GLFW\src\internal.h">
      <Filter>GLFW</Filter>
    </ClInclude>
    <ClInclude Include="..\Includes\GLFW\src\nsgl_context.h">
      <Filter>GLFW</Filter>
    </ClInclude>
    <ClInclude Include="..\Includes\GLFW\src\wgl_context.h">
      <Filter>GLFW</Filter>
    </ClInclude>
    <ClInclude Include="..\Includes\GLFW\src\win32_platform.h">
      <Filter>GLFW</Filter>
    </ClInclude>
    <ClInclude Include="..\Includes\GLFW\src\win32_tls.h">
      <Filter>GLFW</Filter>
    </ClInclude>
    <ClInclude Include="..\Includes\GLFW\src\winmm_joystick.h">
      <Filter>GLFW</Filter>
    </ClInclude>
    <ClInclude Include="..\GameEngine\Rendering\THBuffer.h">
      <Filter>헤더 파일</Filter>
    </ClInclude>
    <ClInclude Include="..\GameEngine\Util\THUtils.h">
      <Filter>헤더 파일\Util</Filter>
    </ClInclude>
    <ClInclude Include="..\Calculator\NonFunctionForm.h">
      <Filter>Calculator</Filter>
    </ClInclude>
    <ClInclude Include="..\Calculator\CalculatorManager.h">
      <Filter>Calculator</Filter>
    </ClInclude>
    <ClInclude Include="..\Calculator\Form.h">
      <Filter>Calculator</Filter>
    </ClInclude>
    <ClInclude Include="..\Calculator\FunctionForm.h">
      <Filter>Calculator</Filter>
    </ClInclude>
  </ItemGroup>
</Project>